version = 1
revision = 3
requires-python = ">=3.13"
resolution-markers = [
    "python_full_version >= '3.14' and sys_platform == 'win32'",
    "python_full_version >= '3.14' and sys_platform == 'emscripten'",
    "python_full_version >= '3.14' and sys_platform != 'emscripten' and sys_platform != 'win32'",
    "python_full_version < '3.14' and sys_platform == 'win32'",
    "python_full_version < '3.14' and sys_platform == 'emscripten'",
    "python_full_version < '3.14' and sys_platform != 'emscripten' and sys_platform != 'win32'",
]

[[package]]
name = "beautifulsoup4"
version = "4.15.0"
source = { registry = "https://pypi.org/simple" }
dependencies = [
    { name = "soupsieve" },
    { name = "typing-extensions" },
]
sdist = { url = "https://files.pythonhosted.org/packages/43/65/318323f98dbee45d42dff61d8f047181bc6f2268a9068cfad035a46be5af/beautifulsoup4-4.15.0.tar.gz", hash = "sha256:288e3ca7d54b06f2ac191970bc275c1939cb46d450b255bf6718b04aa37ab4f7", size = 632571, upload-time = "2026-06-07T16:44:20.453Z" }
wheels = [
    { url = "https://files.pythonhosted.org/packages/88/c6/92fcd42f1ba33e1184263f25bfabf3d27c383410470f169e4b8163bf9c17/beautifulsoup4-4.15.0-py3-none-any.whl", hash = "sha256:d6f88de62e1d4e38ecb1077eb9724cd0eff29d2a08ca16a401e9b9e93f117cf9", size = 109924, upload-time = "2026-06-07T16:44:21.566Z" },
]

[[package]]
name = "distro"
version = "1.9.0"
source = { registry = "https://pypi.org/simple" }
sdist = { url = "https://files.pythonhosted.org/packages/fc/f8/98eea607f65de6527f8a2e8885fc8015d3e6f5775df186e443e0964a11c3/distro-1.9.0.tar.gz", hash = "sha256:2fa77c6fd8940f116ee1d6b94a2f90b13b5ea8d019b98bc8bafdcabcdd9bdbed", size = 60722, upload-time = "2023-12-24T09:54:32.31Z" }
wheels = [
    { url = "https://files.pythonhosted.org/packages/12/b3/231ffd4ab1fc9d679809f356cebee130ac7daa00d6d6f3206dd4fd137e9e/distro-1.9.0-py3-none-any.whl", hash = "sha256:7bffd925d65168f85027d8da9af6bddab658135b840670a223589bc0c8ef02b2", size = 20277, upload-time = "2023-12-24T09:54:30.421Z" },
]

[[package]]
name = "dv-statistics"
version = "0.1.0"
source = { virtual = "." }
dependencies = [
    { name = "beautifulsoup4" },
    { name = "tabula-py" },
]

[package.dev-dependencies]
dev = [
    { name = "ruff" },
]

[package.metadata]
requires-dist = [
    { name = "beautifulsoup4", specifier = ">=4.13.4" },
    { name = "tabula-py", specifier = ">=2.10.0" },
]

[package.metadata.requires-dev]
dev = [{ name = "ruff", specifier = ">=0.12.8" }]

[[package]]
name = "numpy"
version = "2.5.1"
source = { registry = "https://pypi.org/simple" }
sdist = { url = "https://files.pythonhosted.org/packages/22/fd/89965aa4ac08c74998539fcbf24fa3540f3e15237fbeb6bcf9c908f4aade/numpy-2.5.1.tar.gz", hash = "sha256:a48a113e6afea91f5608793bafa7ef2ad481fefbda87ec5069f483de61cb9fa3", size = 20755553, upload-time = "2026-07-04T17:08:00.933Z" }
wheels = [
    { url = "https://files.pythonhosted.org/packages/eb/07/ec2a3f0c91761581d4b7104a740791800025983f9a4dc4e73f91a99aeac4/numpy-2.5.1-cp313-cp313-macosx_10_13_x86_64.whl", hash = "sha256:0bfebd8695f9863592fe744be833a258120b14a9f39da255e8aa8fade2c0ddd1", size = 16796419, upload-time = "2026-07-04T17:06:40.37Z" },
    { url = "https://files.pythonhosted.org/packages/ab/ab/ddb499fc4f8780354395face5b65c7fd107bcd6e1d667a5f07d046956f6f/numpy-2.5.1-cp313-cp313-macosx_11_0_arm64.whl", hash = "sha256:30b44a6b53a7ae63c54c089a8726e5563ed302716c5b7ccc85afade40b0e7ff6", size = 11765832, upload-time = "2026-07-04T17:06:42.768Z" },
    { url = "https://files.pythonhosted.org/packages/88/b3/3c28c558a09fc72100c646dac6d2fce8e834c471b0edca01a29996706117/numpy-2.5.1-cp313-cp313-macosx_14_0_arm64.whl", hash = "sha256:6165343f81b56ef8f514f396989e529b61d9dc709b99421b07e9f3e698e2287d", size = 5325143, upload-time = "2026-07-04T17:06:45.466Z" },
    { url = "https://files.pythonhosted.org/packages/5e/0e/ce19b985bb15c596f4f05954e76cccc77c845083b3b8f938a6c68e523128/numpy-2.5.1-cp313-cp313-macosx_14_0_x86_64.whl", hash = "sha256:4939237038ada79308dda3204ac6462df056b5672b2e25db1149cf873668b3e1", size = 6659749, upload-time = "2026-07-04T17:06:47.288Z" },
    { url = "https://files.pythonhosted.org/packages/2e/20/1ee6614d64332a1bba6411f38e68cb79eec1b2459e20a623777c5c5492a2/numpy-2.5.1-cp313-cp313-manylinux_2_27_aarch64.manylinux_2_28_aarch64.whl", hash = "sha256:1c6759f538fb912fc46de0a6b1758ccf7b57bc7c7ebebc23974fdac3de8db0cd", size = 15164716, upload-time = "2026-07-04T17:06:49.494Z" },
    { url = "https://files.pythonhosted.org/packages/ed/a7/2bcd3fdbb87804755c35b729bf8709d62025c5f4cfd7d5b2415997097515/numpy-2.5.1-cp313-cp313-manylinux_2_27_x86_64.manylinux_2_28_x86_64.whl", hash = "sha256:9726558e8db4a5bf7929a70ae50f63abda4daf0efe810e3bfbab95976f75fc1a", size = 16661440, upload-time = "2026-07-04T17:06:52.061Z" },
    { url = "https://files.pythonhosted.org/packages/fc/d7/a41e3310c886fe457d36e670bbf24fae411aca8a7b6ad92a32afd924077c/numpy-2.5.1-cp313-cp313-musllinux_1_2_aarch64.whl", hash = "sha256:3935f3b419b244a02732676fa5317a9193cc596a4c0646db07e5b421229ac9f7", size = 16526305, upload-time = "2026-07-04T17:06:54.605Z" },
    { url = "https://files.pythonhosted.org/packages/53/75/4333a9a707c1edd3a4e1a0c58eca52c0f31e55089fa80db02b5565b24df7/numpy-2.5.1-cp313-cp313-musllinux_1_2_x86_64.whl", hash = "sha256:dc932a65ded7ce9013d120845a2514dcccb1a67bfc8deb8d37633762951904a6", size = 18423008, upload-time = "2026-07-04T17:06:57.54Z" },
    { url = "https://files.pythonhosted.org/packages/ee/90/e314a32b1c11a2ffe818ddad3a57b50b4b6e1b6c487192eb50cdef0415d0/numpy-2.5.1-cp313-cp313-win32.whl", hash = "sha256:4b4ff1608417eb7a59da7b967bbb798cacfe071d2caf526a24281cd562072ed9", size = 6063885, upload-time = "2026-07-04T17:07:00.14Z" },
    { url = "https://files.pythonhosted.org/packages/10/70/800b3fca480af32df9e8ea9f3d4a0c8feb4b32d7f195d174eabbda4829ad/numpy-2.5.1-cp313-cp313-win_amd64.whl", hash = "sha256:6c3fe51bc6a16453d452997053454f309e8e0ed7b42d6b361ce4ac8c32913d74", size = 12425674, upload-time = "2026-07-04T17:07:02.387Z" },
    { url = "https://files.pythonhosted.org/packages/8b/0b/196350c122f50f6ca56846f2d71efd5e0d24b7b2e07355e019b2e2c7a11e/numpy-2.5.1-cp313-cp313-win_arm64.whl", hash = "sha256:f7feb014281029e628ba2d5a007407443b06e418b6fe451d1e2adcbc8eba0107", size = 10350256, upload-time = "2026-07-04T17:07:04.878Z" },
    { url = "https://files.pythonhosted.org/packages/db/f4/731b6085a83faf6ca843394cbd5e217280c214399f7e8b21b9f552af0ae2/numpy-2.5.1-cp314-cp314-macosx_10_15_x86_64.whl", hash = "sha256:7c786fe9a5bbe360022e584c5a34cf6b54265c71bd7ec8ac3d8fec38968071f8", size = 16795063, upload-time = "2026-07-04T17:07:07.374Z" },
    { url = "https://files.pythonhosted.org/packages/bf/64/0e215f2048dd11a55bb989ed41b3585ef57452404e638d703a211a3e4157/numpy-2.5.1-cp314-cp314-macosx_11_0_arm64.whl", hash = "sha256:32985c896d897419ef8da6917872d80b78ad0ea26d85b23245c7366ffde76d75", size = 11776652, upload-time = "2026-07-04T17:07:09.907Z" },
    { url = "https://files.pythonhosted.org/packages/b5/59/2b844c7a6e9deff69b404a66221e1542937734f65d5e6e39411876053862/numpy-2.5.1-cp314-cp314-macosx_14_0_arm64.whl", hash = "sha256:efd736408cc97c79b9e6917338dfc8f06013b2274f992e96b1d9a81a71e2a2c2", size = 5335944, upload-time = "2026-07-04T17:07:12.227Z" },
    { url = "https://files.pythonhosted.org/packages/86/51/9bf7cb2cabcebc9e017e4ec7e6322b378317a542c08b4cb68479c1efc716/numpy-2.5.1-cp314-cp314-macosx_14_0_x86_64.whl", hash = "sha256:ab84dc6b074fa881cae55bea94cc4f68e285181ba7f32497bf7dee6b1496165b", size = 6656266, upload-time = "2026-07-04T17:07:14.368Z" },
    { url = "https://files.pythonhosted.org/packages/83/3e/fb7615b211b82a32f44d5180a6d421b61f84d4fadd578b48ba4ac34e189f/numpy-2.5.1-cp314-cp314-manylinux_2_27_aarch64.manylinux_2_28_aarch64.whl", hash = "sha256:caf3e317d33d60c37986b452613f4ab51246d0691350c03d0cb4a898627f4a95", size = 15179720, upload-time = "2026-07-04T17:07:16.272Z" },
    { url = "https://files.pythonhosted.org/packages/41/5f/0f992cb24560673496c5d68de61913b57166ce530ffda07c1f280e0cc464/numpy-2.5.1-cp314-cp314-manylinux_2_27_x86_64.manylinux_2_28_x86_64.whl", hash = "sha256:54ad769f17bc2d833b620851989f62054fb9ab93c969d9e1dc3c8e3d56beea21", size = 16664835, upload-time = "2026-07-04T17:07:19.021Z" },
    { url = "https://files.pythonhosted.org/packages/a2/2f/97d6475ee91afe2587797d09446f9d3e475ad4cb681662d824809327b75a/numpy-2.5.1-cp314-cp314-musllinux_1_2_aarch64.whl", hash = "sha256:c12afb53450fa976d4c681c50a7423729a4c51c0465ed9f32b8a9cabbc472373", size = 16539135, upload-time = "2026-07-04T17:07:22.015Z" },
    { url = "https://files.pythonhosted.org/packages/c4/5b/4db81e4ba0be7e2776b1de68c82aa862c7f8ec27e1b4927d4ae075e20678/numpy-2.5.1-cp314-cp314-musllinux_1_2_x86_64.whl", hash = "sha256:e8c11c405efc5ff6816d5983c96cdfa215bab3428961243af3ff59b228490438", size = 18426684, upload-time = "2026-07-04T17:07:24.941Z" },
    { url = "https://files.pythonhosted.org/packages/1f/64/c0ba2d90724d450279a7df8f32057241070250a26a7e2b5337d77347f481/numpy-2.5.1-cp314-cp314-win32.whl", hash = "sha256:f2479a47f8d5932d1718168a681ad6e536a9df484c83cfcf9de365e164537ace", size = 6116103, upload-time = "2026-07-04T17:07:27.622Z" },
    { url = "https://files.pythonhosted.org/packages/c1/1a/837f9ed7405adcd7a40538792eb169eddd8fa5630c16a1ef49dae71a30f4/numpy-2.5.1-cp314-cp314-win_amd64.whl", hash = "sha256:24d0eb82c0541d3415a33425db64ae439dffccd7b4dbcb30e7c35120205c506a", size = 12562177, upload-time = "2026-07-04T17:07:29.887Z" },
    { url = "https://files.pythonhosted.org/packages/22/ed/49707938b6dd0a78a9178dd93227dc89e4c11af47f5c798d70366e8d0483/numpy-2.5.1-cp314-cp314-win_arm64.whl", hash = "sha256:5a4c988b38d261deeeaad9954e3deb091ad905c94e8bb6708654ef1d97f286b0", size = 10627739, upload-time = "2026-07-04T17:07:32.568Z" },
    { url = "https://files.pythonhosted.org/packages/a6/c7/bb4b882cfe7f299cbc8b66e42e7dd78cf9d14e40f9469fc5e3db7e15b3bd/numpy-2.5.1-cp314-cp314t-macosx_11_0_arm64.whl", hash = "sha256:a33276be12fa045805f477f22482088b66bb758ffbe89a9d21457de863a32e22", size = 11894709, upload-time = "2026-07-04T17:07:34.941Z" },
    { url = "https://files.pythonhosted.org/packages/40/3f/5af7f4a7f6224aef48017aa82bb6174c7a659d724be0c75017b7e64a55b4/numpy-2.5.1-cp314-cp314t-macosx_14_0_arm64.whl", hash = "sha256:f089d7b00756190aacf1f5d34bdf38c3c430ac82b4f868f8cede73380460fce7", size = 5453810, upload-time = "2026-07-04T17:07:37.495Z" },
    { url = "https://files.pythonhosted.org/packages/20/c9/3474309bc94d634d3f9c3eddf03250ecb8c22cd948ef16fef69a77cc5d7b/numpy-2.5.1-cp314-cp314t-macosx_14_0_x86_64.whl", hash = "sha256:09e9bfd8d2cf479c7d174804fb3811c53a8e9f20a37444008606b57d6b7a826d", size = 6761189, upload-time = "2026-07-04T17:07:39.563Z" },
    { url = "https://files.pythonhosted.org/packages/90/8a/558ae39fdd55d7e7f7fef9a84a6e964ac6b23edbd2a07e52bb084500507d/numpy-2.5.1-cp314-cp314t-manylinux_2_27_aarch64.manylinux_2_28_aarch64.whl", hash = "sha256:e68d8dd1e7eba712948f2053a29ec86917bc70ba1358df869d9f06649ef9cf09", size = 15225039, upload-time = "2026-07-04T17:07:41.682Z" },
    { url = "https://files.pythonhosted.org/packages/63/27/ca7392b2d030277bdf0273e7d23255b3ee57d57a7c170a6f4fb3981e1e5d/numpy-2.5.1-cp314-cp314t-manylinux_2_27_x86_64.manylinux_2_28_x86_64.whl", hash = "sha256:99d5095fa265a0c4152e7bb12759e14381ef5496152f1ce58f44bdf55c44beb4", size = 16701306, upload-time = "2026-07-04T17:07:44.611Z" },
    { url = "https://files.pythonhosted.org/packages/02/42/03d53ae7996c44d4374a8262e9dc41671fd56cbb98f7d47ef85cf5da4c6b/numpy-2.5.1-cp314-cp314t-musllinux_1_2_aarch64.whl", hash = "sha256:ab87a91b3cc3382b8956095bd8f95e00cf679bb81554339be1a2ba404a1473c1", size = 16589955, upload-time = "2026-07-04T17:07:47.694Z" },
    { url = "https://files.pythonhosted.org/packages/7b/15/6c1784ae469640e65db111e9a34b3d0f14d91e8a38b9ce34810ced370dbb/numpy-2.5.1-cp314-cp314t-musllinux_1_2_x86_64.whl", hash = "sha256:224ca51130ef7da85bea2191625181cb4f337f9cb64b471f10c1a12aa8b60077", size = 18464252, upload-time = "2026-07-04T17:07:50.684Z" },
    { url = "https://files.pythonhosted.org/packages/94/a8/f98e50356cf167df656c526c2dfeec2d7dde182f2a3da4b458a5938e2776/numpy-2.5.1-cp314-cp314t-win32.whl", hash = "sha256:6eab239876581b2b3c5a242281b6007bbdbcd1c7085d7709bb57c5929b11e6bf", size = 6263298, upload-time = "2026-07-04T17:07:53.445Z" },
    { url = "https://files.pythonhosted.org/packages/72/ac/96ae880cdecad0b3275d9359fcec72667b49a4863c9f12942e43679dda02/numpy-2.5.1-cp314-cp314t-win_amd64.whl", hash = "sha256:83ce9c80d5b521b0d77ddcbe5447c218d247929b6cc056ca5351342accfff0af", size = 12748623, upload-time = "2026-07-04T17:07:55.384Z" },
    { url = "https://files.pythonhosted.org/packages/a1/5a/4d2b1601df3602dba7a14f3348ba9bfe94a18adb428e693df6154c293831/numpy-2.5.1-cp314-cp314t-win_arm64.whl", hash = "sha256:5a6db61f9aaa57e369905c67d852045d3c4f7126405b29d09b19dec118e9c9cb", size = 10697674, upload-time = "2026-07-04T17:07:58.506Z" },
]

[[package]]
name = "pandas"
version = "3.0.3"
source = { registry = "https://pypi.org/simple" }
dependencies = [
    { name = "numpy" },
    { name = "python-dateutil" },
    { name = "tzdata", marker = "sys_platform == 'emscripten' or sys_platform == 'win32'" },
]
sdist = { url = "https://files.pythonhosted.org/packages/f8/87/4341c6252d1c47b08768c3d25ac487362bf403f0313ddae4a2a26c9b1b4c/pandas-3.0.3.tar.gz", hash = "sha256:696a4a00a2a2a35d4e5deb3fc946641b96c944f02230e4f76137fe35d806c4fc", size = 4651414, upload-time = "2026-05-11T18:54:29.21Z" }
wheels = [
    { url = "https://files.pythonhosted.org/packages/c5/90/62d8302883c44308c477e222c3daf7c813a34c8e96985882fbd53d964352/pandas-3.0.3-cp313-cp313-macosx_10_13_x86_64.whl", hash = "sha256:67b3b64c11910cfa29f4e94a14d3bff9ee693b6fc76055e7cad549cee0aec5fa", size = 10331071, upload-time = "2026-05-11T18:52:58.838Z" },
    { url = "https://files.pythonhosted.org/packages/7f/ae/6a6493c783a101f165e4356953ba3c74d6f77f0042fa7d753da9dfbb640c/pandas-3.0.3-cp313-cp313-macosx_11_0_arm64.whl", hash = "sha256:39436b377d56d2a2e52d0395bdbee171f01068e99af5250509aceeb929f765c7", size = 9875690, upload-time = "2026-05-11T18:53:01.431Z" },
    { url = "https://files.pythonhosted.org/packages/62/7c/5df8e9f56c69a2769fbe9382a5ef8f2658c007e376434e1e2cbb57ad895f/pandas-3.0.3-cp313-cp313-manylinux_2_24_aarch64.manylinux_2_28_aarch64.whl", hash = "sha256:d4be06d68f9ddcfc645b87534911da79a8fbffc7573c80e0edcf42a5020624d8", size = 10381634, upload-time = "2026-05-11T18:53:04.393Z" },
    { url = "https://files.pythonhosted.org/packages/99/68/1237369725aa617bb358263d535803e3053fdbc593513ec5ed9c9896b5b6/pandas-3.0.3-cp313-cp313-manylinux_2_24_x86_64.manylinux_2_28_x86_64.whl", hash = "sha256:a4eeb6830daf35a71cc09649bd823e2b542dac246cdee9614c6e4bd65028cd6a", size = 10891243, upload-time = "2026-05-11T18:53:07.643Z" },
    { url = "https://files.pythonhosted.org/packages/25/93/77d108e8af7222b4a503ebde0e30215b1c2e4f8e53a526431890f22d5586/pandas-3.0.3-cp313-cp313-musllinux_1_2_aarch64.whl", hash = "sha256:1928e07221f82db493cd4af1e23c1bfca524a19a4699887975bff68f49a72bfb", size = 11388659, upload-time = "2026-05-11T18:53:10.634Z" },
    { url = "https://files.pythonhosted.org/packages/d0/bd/eff5b4399f332ac386c853f6cd2bd3fa2ca0061b9f36ecd9c4d7c4265649/pandas-3.0.3-cp313-cp313-musllinux_1_2_x86_64.whl", hash = "sha256:51b1fe551acb77dac643c6fda86084d8d446c10fe64b06a9cc29c4cc8540e7f2", size = 11942880, upload-time = "2026-05-11T18:53:13.536Z" },
    { url = "https://files.pythonhosted.org/packages/2c/20/559ace4200982c3887d0b86bfd0d856a2143ef8ddab63cc07934951a964c/pandas-3.0.3-cp313-cp313-win_amd64.whl", hash = "sha256:a82d532a3351d435432cd913edbccaf8b8e01d4dd0e5ced5a8d2e8ecd94c7e44", size = 9757091, upload-time = "2026-05-11T18:53:16.306Z" },
    { url = "https://files.pythonhosted.org/packages/3a/66/69055a09fe200f29f922a3eeec4804611900b95f52d932ece3393c3c0c19/pandas-3.0.3-cp313-cp313-win_arm64.whl", hash = "sha256:275c14e0fce14a2ec20eee474aecd305478ea3c1e6f6a9d8fe219a165542717e", size = 9057282, upload-time = "2026-05-11T18:53:18.768Z" },
    { url = "https://files.pythonhosted.org/packages/57/0e/efe801b0e6811e8e650cd21b7f2608e30f08a7067e2bf6e8752b0d56ee3c/pandas-3.0.3-cp313-cp313t-macosx_10_13_x86_64.whl", hash = "sha256:46997386d528eb40376ecd6b033cf4a8a1e5282580f68f43de875b78cba2199d", size = 10767016, upload-time = "2026-05-11T18:53:21.227Z" },
    { url = "https://files.pythonhosted.org/packages/ea/dc/eb55135a1d5f0f0519f28da1f609a206d2cad1f9c35c32d51e38dd7261ae/pandas-3.0.3-cp313-cp313t-macosx_11_0_arm64.whl", hash = "sha256:261e308dfb22448384b7580cf719d2f998fe2966c92893c3e77d14008af1f066", size = 10420210, upload-time = "2026-05-11T18:53:23.982Z" },
    { url = "https://files.pythonhosted.org/packages/c6/3e/b1d5d955ce33ffecb407465a60bc32769d74fcf68224b7ae67ae11d4dea4/pandas-3.0.3-cp313-cp313t-manylinux_2_24_aarch64.manylinux_2_28_aarch64.whl", hash = "sha256:dd1a5d1def6a46002e964510bdc67c368aa0951df5d1d9f8365336f5a1f490cd", size = 10336126, upload-time = "2026-05-11T18:53:26.731Z" },
    { url = "https://files.pythonhosted.org/packages/f5/76/a01261711ab60a22d71b862f0de20e4c504bf80457270ad8cb42110f6abc/pandas-3.0.3-cp313-cp313t-manylinux_2_24_x86_64.manylinux_2_28_x86_64.whl", hash = "sha256:d72828c20c6d6e83e1e22a6a3b47b326b71664112fa9705dcbccfd7a39b62085", size = 10728051, upload-time = "2026-05-11T18:53:29.125Z" },
    { url = "https://files.pythonhosted.org/packages/e9/21/ea191195e587b18cf682e97f433f81b2d0fbe341380e80a3e0d6e4403c8e/pandas-3.0.3-cp313-cp313t-musllinux_1_2_aarch64.whl", hash = "sha256:d26cbe1fcfc12e8fd900e2454163e466b2d3af84f7c75481df7683ffc073d870", size = 11350796, upload-time = "2026-05-11T18:53:32.056Z" },
    { url = "https://files.pythonhosted.org/packages/64/69/f0eaaf54939f0e8c6768fd06be9af2cef9b36048b96dfb9e1b2c685a807e/pandas-3.0.3-cp313-cp313t-musllinux_1_2_x86_64.whl", hash = "sha256:3e91cec1879ada0624fc3dc9953c5cbd60208e59c0db28f540c5d6d47502422f", size = 11799741, upload-time = "2026-05-11T18:53:34.985Z" },
    { url = "https://files.pythonhosted.org/packages/45/a4/865e0e510cae5fc2194de4db28be638952de942571ba9125934fd9c01d47/pandas-3.0.3-cp313-cp313t-win_amd64.whl", hash = "sha256:08d789b41f87e0905880e293cedf6197ce71fe67cc081358b1e148a491b9bd13", size = 10499958, upload-time = "2026-05-11T18:53:37.857Z" },
    { url = "https://files.pythonhosted.org/packages/86/54/effdcc3c0ff7a08037889200e148ebe94c16c4f653be078c7b3675955df1/pandas-3.0.3-cp314-cp314-macosx_10_15_x86_64.whl", hash = "sha256:3650109c0f22879df8bd6179ab9ee3d7f1d1d4e7e0094a3f0032d9f51e2e64ac", size = 10336065, upload-time = "2026-05-11T18:53:41.099Z" },
    { url = "https://files.pythonhosted.org/packages/68/10/bf2d6738d72748b961a3751ab89522d58c54efc36a8e1a12161216cd45cf/pandas-3.0.3-cp314-cp314-macosx_11_0_arm64.whl", hash = "sha256:bab900348131a7db1f69a7309ef141fd5680f1487094193bcbbb61791573bf8f", size = 9926101, upload-time = "2026-05-11T18:53:43.515Z" },
    { url = "https://files.pythonhosted.org/packages/ae/e9/e35cf11c8a136e757b956f5f0efdcaa50aecde85ea055f1898dfc68262f3/pandas-3.0.3-cp314-cp314-manylinux_2_24_aarch64.manylinux_2_28_aarch64.whl", hash = "sha256:ba7e08b9ac1d54569cd1e256e3668975ed624d6826f7b68df0342b012007bddb", size = 10457553, upload-time = "2026-05-11T18:53:46.394Z" },
    { url = "https://files.pythonhosted.org/packages/58/3b/1cdec6772bdbaf7b25dab360c59f03cadf05492dd724c6540af905389b07/pandas-3.0.3-cp314-cp314-manylinux_2_24_x86_64.manylinux_2_28_x86_64.whl", hash = "sha256:9d71c63ae4ebdbf70209742096f1fc46a83a0613c99d4b23766cced9ff8cd62a", size = 10914065, upload-time = "2026-05-11T18:53:49.134Z" },
    { url = "https://files.pythonhosted.org/packages/c4/c2/1ef644445fcd72e3627bceec77e3560636f87ddce4ed841afe76b83b5bf9/pandas-3.0.3-cp314-cp314-musllinux_1_2_aarch64.whl", hash = "sha256:e3a2ec42c98ffa2565a67e08e218d06d72576d758d90facb7c00805194d8f360", size = 11459188, upload-time = "2026-05-11T18:53:52.527Z" },
    { url = "https://files.pythonhosted.org/packages/7e/49/4d8d4f42cbc9c4adc7a1870f269c02cbd6cd40d059622c06fb298addcbad/pandas-3.0.3-cp314-cp314-musllinux_1_2_x86_64.whl", hash = "sha256:335f62418ed562cfc3c49e9e196375c28b729dcef8543abf4f9438e381bf3c76", size = 11982966, upload-time = "2026-05-11T18:53:55.043Z" },
    { url = "https://files.pythonhosted.org/packages/38/55/792619469bab9882d8bbd5865d45a72f6478762d04a9af4bf0d08c503e95/pandas-3.0.3-cp314-cp314-win_amd64.whl", hash = "sha256:3c20a521bbb85902f79f7270c80a59e1b5452d96d170c034f207181870f97ac5", size = 9876755, upload-time = "2026-05-11T18:53:58.067Z" },
    { url = "https://files.pythonhosted.org/packages/2a/af/33c469653b0ba03b50c3a98192d4c07f0c75c66b263ceb097fce0ee97d31/pandas-3.0.3-cp314-cp314-win_arm64.whl", hash = "sha256:a2d2dff8a04f3917b55ab3910c32990f8ddf7eceba114947838cefa976a68977", size = 9198658, upload-time = "2026-05-11T18:54:00.733Z" },
    { url = "https://files.pythonhosted.org/packages/a2/fa/b8c257bd76b8bd060c3a9151c1fca05e9b9c5e3af5d0f549c0356f6d143d/pandas-3.0.3-cp314-cp314t-macosx_10_15_x86_64.whl", hash = "sha256:0d589105b3c14645af1738ff279b2995102d8f7a03b0a66dc8d95550eb513e04", size = 10787242, upload-time = "2026-05-11T18:54:03.564Z" },
    { url = "https://files.pythonhosted.org/packages/54/eb/f19206ffb0bf1919002969aa448b4702c6594845156a6f8050674855aac3/pandas-3.0.3-cp314-cp314t-macosx_11_0_arm64.whl", hash = "sha256:13fc1e853d9e04743d11ba75a985ccbc2a317fe07d8af61e445a6fd24dacd6a6", size = 10436369, upload-time = "2026-05-11T18:54:06.311Z" },
    { url = "https://files.pythonhosted.org/packages/fd/24/c7c39fb4fe22b71a0c2d78bf0c585c600092d85f94f086d2b3b2f6ca27e2/pandas-3.0.3-cp314-cp314t-manylinux_2_24_aarch64.manylinux_2_28_aarch64.whl", hash = "sha256:819959dab7bbd0049c15623fbac4e29a191b9528160a61fb1032242d8ced2d9c", size = 10358306, upload-time = "2026-05-11T18:54:09.085Z" },
    { url = "https://files.pythonhosted.org/packages/16/ec/dd2a9eb7fa1204df88c0864164e35b228ac581062ac612ba0a67fd812e4c/pandas-3.0.3-cp314-cp314t-manylinux_2_24_x86_64.manylinux_2_28_x86_64.whl", hash = "sha256:60ae316d3fd75d1858d450d0db0103ea2be3e7d4a95ec2f064f7e2ae63f7b028", size = 10758394, upload-time = "2026-05-11T18:54:11.956Z" },
    { url = "https://files.pythonhosted.org/packages/95/6e/00c61ea8e85b4f6d8d35e11852a1a4998fc7fafc91c6a602d1cc9c972d64/pandas-3.0.3-cp314-cp314t-musllinux_1_2_aarch64.whl", hash = "sha256:bd3a518890b400d32f9023722dc9a9a5c969f00b415419a3c06c043f09bb5d7d", size = 11375717, upload-time = "2026-05-11T18:54:14.539Z" },
    { url = "https://files.pythonhosted.org/packages/31/89/8fc1c268969fac43688d65fd92e67df24bd128d53cb4d2eee534cd307399/pandas-3.0.3-cp314-cp314t-musllinux_1_2_x86_64.whl", hash = "sha256:9c39be2d709d01fa972a0cabc522389fceca4f3969332ba25a7d6c5802cf976a", size = 11828897, upload-time = "2026-05-11T18:54:17.146Z" },
    { url = "https://files.pythonhosted.org/packages/56/3b/e7d20dea247a3e6dc0bd8a6953854afbedc03951def4e7371e05e7263e25/pandas-3.0.3-cp314-cp314t-win_amd64.whl", hash = "sha256:4db8c527972a821cf5286b40ccc57642a39bc62e62022b42f99f8a67fca8c3a1", size = 10900855, upload-time = "2026-05-11T18:54:19.72Z" },
    { url = "https://files.pythonhosted.org/packages/0f/54/68a0978d1ef8502b8492099beaa6e7a0c1b32e3b5d4f677f5810cb08711c/pandas-3.0.3-cp314-cp314t-win_arm64.whl", hash = "sha256:b2c95f8bfc1ee412bf482605d7bfd30c12d1d26bd59fdd91efeef1d4718decb1", size = 9466464, upload-time = "2026-05-11T18:54:22.754Z" },
]

[[package]]
name = "python-dateutil"
version = "2.9.0.post0"
source = { registry = "https://pypi.org/simple" }
dependencies = [
    { name = "six" },
]
sdist = { url = "https://files.pythonhosted.org/packages/66/c0/0c8b6ad9f17a802ee498c46e004a0eb49bc148f2fd230864601a86dcf6db/python-dateutil-2.9.0.post0.tar.gz", hash = "sha256:37dd54208da7e1cd875388217d5e00ebd4179249f90fb72437e91a35459a0ad3", size = 342432, upload-time = "2024-03-01T18:36:20.211Z" }
wheels = [
    { url = "https://files.pythonhosted.org/packages/ec/57/56b9bcc3c9c6a792fcbaf139543cee77261f3651ca9da0c93f5c1221264b/python_dateutil-2.9.0.post0-py2.py3-none-any.whl", hash = "sha256:a8b2bc7bffae282281c8140a97d3aa9c14da0b136dfe83f850eea9a5f7470427", size = 229892, upload-time = "2024-03-01T18:36:18.57Z" },
]

[[package]]
name = "ruff"
version = "0.15.20"
source = { registry = "https://pypi.org/simple" }
sdist = { url = "https://files.pythonhosted.org/packages/43/dc/35b341fc554ba02f217fc10da57d1a75168cfbcf75b0ef2202176d4c4f2d/ruff-0.15.20.tar.gz", hash = "sha256:1416eb04349192646b54de98f146c4f59afe37d0decfc02c3cbbf396f3a28566", size = 4755489, upload-time = "2026-06-25T17:20:37.578Z" }
wheels = [
    { url = "https://files.pythonhosted.org/packages/94/d9/2d5014f0253ba541d2061d9fa7193f48e941c8b21bb88a7ff9bbe0bd0596/ruff-0.15.20-py3-none-linux_armv6l.whl", hash = "sha256:00e188c53e499c3c1637f73c91dcf2fb56d576cab76ce1be50a27c4e80e37078", size = 10839665, upload-time = "2026-06-25T17:19:44.702Z" },
    { url = "https://files.pythonhosted.org/packages/c6/d3/ac1798ba64f670698867fcfc591d50e7e421bef137db564858f619a30fcf/ruff-0.15.20-py3-none-macosx_10_12_x86_64.whl", hash = "sha256:9ebd1fd9b9c95fc0bd7b2761aebec1f030013d2e193a2901b224af68fe47251b", size = 11208649, upload-time = "2026-06-25T17:19:48.787Z" },
    { url = "https://files.pythonhosted.org/packages/47/47/d3ac899991202095dfcf3d5176be4272642be3cf981a2f1a30f72a2afb95/ruff-0.15.20-py3-none-macosx_11_0_arm64.whl", hash = "sha256:c5b16cdd67ca108185cd36dce98c576350c03b1660a751de725fb049193a0632", size = 10622638, upload-time = "2026-06-25T17:19:51.354Z" },
    { url = "https://files.pythonhosted.org/packages/33/13/4e043fe30aa94d4ff5213a9881fc296d12960f5971b234a5263fdc225312/ruff-0.15.20-py3-none-manylinux_2_17_aarch64.manylinux2014_aarch64.whl", hash = "sha256:3413bb3c3d2ca6a8208f1f4809cd2dca3c6de6d0b491c0e70847672bde6e6efd", size = 10984227, upload-time = "2026-06-25T17:19:54.044Z" },
    { url = "https://files.pythonhosted.org/packages/76/e6/92e7bf40388bc5800073b96564f56264f7e48bfd1a498f5ced6ae6d5a769/ruff-0.15.20-py3-none-manylinux_2_17_armv7l.manylinux2014_armv7l.whl", hash = "sha256:bd7ec42b3bb3da066488db093308a69c4ac5ee6d2af333a86ba6e2eb2e7dd44b", size = 10622882, upload-time = "2026-06-25T17:19:57.037Z" },
    { url = "https://files.pythonhosted.org/packages/13/7a/43460be3f24495a3aa46d4b16873e2c4941b3b5f0b00cf88c03b7b94b339/ruff-0.15.20-py3-none-manylinux_2_17_i686.manylinux2014_i686.whl", hash = "sha256:e1a36ad0eb77fba9aabfb69ede54de6f376d04ac18ebea022847046d340a8267", size = 11474808, upload-time = "2026-06-25T17:20:00.357Z" },
    { url = "https://files.pythonhosted.org/packages/27/a0/f37077884873221c6b33b4ab49eb18f9f88e54a16a25a5bca59bef46dd66/ruff-0.15.20-py3-none-manylinux_2_17_ppc64le.manylinux2014_ppc64le.whl", hash = "sha256:b6df3b1e4610432f0386dba04d853b5f08cbbc903410c6fcc02f620f05aff53c", size = 12293094, upload-time = "2026-06-25T17:20:03.446Z" },
    { url = "https://files.pythonhosted.org/packages/a6/74/165545b60256a9704c21ac0ec4a0d07933b320812f9584836c9f4aca4292/ruff-0.15.20-py3-none-manylinux_2_17_s390x.manylinux2014_s390x.whl", hash = "sha256:e89f198a1ea6ef0d727c1cf16088bc91a6cb0ab947dedc966715691647186eae", size = 11526176, upload-time = "2026-06-25T17:20:06.301Z" },
    { url = "https://files.pythonhosted.org/packages/86/b1/a976a136d40ade83ce743578399865f57001003a409acadc0ecbb3051082/ruff-0.15.20-py3-none-manylinux_2_17_x86_64.manylinux2014_x86_64.whl", hash = "sha256:309809086c2acb67624950a3c8133e80f32d0d3e27106c0cd60ff26657c9f24b", size = 11520767, upload-time = "2026-06-25T17:20:09.191Z" },
    { url = "https://files.pythonhosted.org/packages/19/0f/f032696cb01c9b54c0263fa393474d7758f1cdc021a01b04e3cbc2500999/ruff-0.15.20-py3-none-manylinux_2_31_riscv64.whl", hash = "sha256:2d2374caa2f2c2f9e2b7da0a50802cfb8b79f55a9b5e49379f564544fbf56487", size = 11500132, upload-time = "2026-06-25T17:20:13.602Z" },
    { url = "https://files.pythonhosted.org/packages/4b/f4/51b1a14bc69e8c224b15dab9cce8e99b425e0455d462caa2b3c9be2b6a8e/ruff-0.15.20-py3-none-musllinux_1_2_aarch64.whl", hash = "sha256:a1ed17b65293e0c2f22fc387bc13198a5de94bf4429589b0ff6946b0feaf21a3", size = 10943828, upload-time = "2026-06-25T17:20:16.635Z" },
    { url = "https://files.pythonhosted.org/packages/71/4b/fe267640783cd02bf6c5cc290b1df1051be2ec294c678b5c15fe19e52343/ruff-0.15.20-py3-none-musllinux_1_2_armv7l.whl", hash = "sha256:f701305e66b38ea6c91882490eb73459796808e4c6362a1b765255e0cdcd4053", size = 10645418, upload-time = "2026-06-25T17:20:19.4Z" },
    { url = "https://files.pythonhosted.org/packages/b0/c0/a65aa4ec2f5e87a1df32dc3ec1fede434fe3dfd5cbcf3b503cafc676ab54/ruff-0.15.20-py3-none-musllinux_1_2_i686.whl", hash = "sha256:5b9c0c367ad8e5d0d5b5b8537864c469a0a0e55417aadfbeca41fa61333be9f4", size = 11211770, upload-time = "2026-06-25T17:20:22.033Z" },
    { url = "https://files.pythonhosted.org/packages/5a/a4/0caa331d954ae2723d729d351c989cb4ca8b6077d5c6c2cb6de75e98c041/ruff-0.15.20-py3-none-musllinux_1_2_x86_64.whl", hash = "sha256:01cc00dd58f0df339d0e902219dd53990ea99996a0344e5d9cc8d45d5307e460", size = 11618698, upload-time = "2026-06-25T17:20:25.259Z" },
    { url = "https://files.pythonhosted.org/packages/10/9b/5f14927848d2fd4aa891fd88d883788c5a7baba561c7874732364045708c/ruff-0.15.20-py3-none-win32.whl", hash = "sha256:ed65ef510e43a137207e0f01cfcf998aeddb1aeeda5c9d35023e910284d7cf21", size = 10857322, upload-time = "2026-06-25T17:20:28.612Z" },
    { url = "https://files.pythonhosted.org/packages/fa/f0/fe47c501f9dea92a26d788ff98bb5d92ed4cb4c88792c5c88af6b697dc8e/ruff-0.15.20-py3-none-win_amd64.whl", hash = "sha256:a525c81c70fb0380344dd1d8745d8cc1c890b7fc94a58d5a07bd8eb9557b8415", size = 11993274, upload-time = "2026-06-25T17:20:31.871Z" },
    { url = "https://files.pythonhosted.org/packages/d7/2b/9555445e1201d92b3195f45cdb153a0b68f24e0a4273f6e3d5ab46e212bb/ruff-0.15.20-py3-none-win_arm64.whl", hash = "sha256:2f5b2a6d614e8700388806a14996c40fab2c47b819ef57d790a34878858ed9ca", size = 11343498, upload-time = "2026-06-25T17:20:35.03Z" },
]

[[package]]
name = "six"
version = "1.17.0"
source = { registry = "https://pypi.org/simple" }
sdist = { url = "https://files.pythonhosted.org/packages/94/e7/b2c673351809dca68a0e064b6af791aa332cf192da575fd474ed7d6f16a2/six-1.17.0.tar.gz", hash = "sha256:ff70335d468e7eb6ec65b95b99d3a2836546063f63acc5171de367e834932a81", size = 34031, upload-time = "2024-12-04T17:35:28.174Z" }
wheels = [
    { url = "https://files.pythonhosted.org/packages/b7/ce/149a00dd41f10bc29e5921b496af8b574d8413afcd5e30dfa0ed46c2cc5e/six-1.17.0-py2.py3-none-any.whl", hash = "sha256:4721f391ed90541fddacab5acf947aa0d3dc7d27b2e1e8eda2be8970586c3274", size = 11050, upload-time = "2024-12-04T17:35:26.475Z" },
]

[[package]]
name = "soupsieve"
version = "2.8.4"
source = { registry = "https://pypi.org/simple" }
sdist = { url = "https://files.pythonhosted.org/packages/47/2c/0a5f6f8ee0d5589e48c7640213ed5175d52cf540a06725b628cc1a45d6ce/soupsieve-2.8.4.tar.gz", hash = "sha256:e121fd02e975c695e4e9e8774a5ee35d74714b59307868dcc5319ad2d9e3328e", size = 121110, upload-time = "2026-05-24T13:55:57.154Z" }
wheels = [
    { url = "https://files.pythonhosted.org/packages/5e/f5/0c41cb68dcae6b7de4fac4188a3a9589e21fb31df21ea3a2e888db95e6c9/soupsieve-2.8.4-py3-none-any.whl", hash = "sha256:e7e6b0769c8f51ed59acab6e994b00621096cfb1c640a7509295987388fbaf65", size = 37304, upload-time = "2026-05-24T13:55:55.406Z" },
]

[[package]]
name = "tabula-py"
version = "2.10.0"
source = { registry = "https://pypi.org/simple" }
dependencies = [
    { name = "distro" },
    { name = "numpy" },
    { name = "pandas" },
]
sdist = { url = "https://files.pythonhosted.org/packages/e2/31/2a14a5048f681c404ae0b32a00d141128dd3065965190fdcae3b33e2bcae/tabula_py-2.10.0.tar.gz", hash = "sha256:75968a83fe978e5d56ccf23f0f0255a459c256b7b52db7cabe5ac795bb3b12df", size = 12459408, upload-time = "2024-10-17T02:51:19.668Z" }
wheels = [
    { url = "https://files.pythonhosted.org/packages/2f/80/10bc6f303054d1a06eb8628f90e5997f4b1272956a477230f3fa95637c28/tabula_py-2.10.0-py3-none-any.whl", hash = "sha256:c7596c559fc813e313eb4fbc7aabe7e4290dbd04717c4cbe4aa4a2cafd00ab63", size = 12021009, upload-time = "2024-10-17T02:51:16.427Z" },
]

[[package]]
name = "typing-extensions"
version = "4.16.0"
source = { registry = "https://pypi.org/simple" }
sdist = { url = "https://files.pythonhosted.org/packages/f6/cc/6253133b5bb138fc3306cebfbda2c520f545d36b5be2c7255cc528bb45d6/typing_extensions-4.16.0.tar.gz", hash = "sha256:dc983d19a509c94dba722ee6abd33940f7c05a89e243c47e907eb4db6f1a43e5", size = 113555, upload-time = "2026-07-02T08:40:05.92Z" }
wheels = [
    { url = "https://files.pythonhosted.org/packages/49/d3/b8441a820a491ddfc024b0b0cf0393375b75ea13866d9c66727e54c2fc80/typing_extensions-4.16.0-py3-none-any.whl", hash = "sha256:481caa481374e813c1b176ada14e97f1f67a4539ce9cfeb3f350d78d6370c2e8", size = 45571, upload-time = "2026-07-02T08:40:04.659Z" },
]

[[package]]
name = "tzdata"
version = "2026.2"
source = { registry = "https://pypi.org/simple" }
sdist = { url = "https://files.pythonhosted.org/packages/ba/19/1b9b0e29f30c6d35cb345486df41110984ea67ae69dddbc0e8a100999493/tzdata-2026.2.tar.gz", hash = "sha256:9173fde7d80d9018e02a662e168e5a2d04f87c41ea174b139fbef642eda62d10", size = 198254, upload-time = "2026-04-24T15:22:08.651Z" }
wheels = [
    { url = "https://files.pythonhosted.org/packages/ce/e4/dccd7f47c4b64213ac01ef921a1337ee6e30e8c6466046018326977efd95/tzdata-2026.2-py2.py3-none-any.whl", hash = "sha256:bbe9af844f658da81a5f95019480da3a89415801f6cc966806612cc7169bffe7", size = 349321, upload-time = "2026-04-24T15:22:05.876Z" },
]
